
Microsoft Visual Studio Solution File, Format Version 12.00
# Visual Studio Version 17
VisualStudioVersion = 17.4.33213.308
MinimumVisualStudioVersion = 10.0.40219.1
Project("{FAE04EC0-301F-11D3-BF4B-00C04F79EFBC}") = "question 12", "question 12\question 12.csproj", "{E4303F7A-6B32-43CC-A53D-1B706F44DA2F}"
EndProject
Global
	GlobalSection(SolutionConfigurationPlatforms) = preSolution
		Debug|Any CPU = Debug|Any CPU
		Release|Any CPU = Release|Any CPU
	EndGlobalSection
	GlobalSection(ProjectConfigurationPlatforms) = postSolution
		{E4303F7A-6B32-43CC-A53D-1B706F44DA2F}.Debug|Any CPU.ActiveCfg = Debug|Any CPU
		{E4303F7A-6B32-43CC-A53D-1B706F44DA2F}.Debug|Any CPU.Build.0 = Debug|Any CPU
		{E4303F7A-6B32-43CC-A53D-1B706F44DA2F}.Release|Any CPU.ActiveCfg = Release|Any CPU
		{E4303F7A-6B32-43CC-A53D-1B706F44DA2F}.Release|Any CPU.Build.0 = Release|Any CPU
	EndGlobalSection
	GlobalSection(SolutionProperties) = preSolution
		HideSolutionNode = FALSE
	EndGlobalSection
	GlobalSection(ExtensibilityGlobals) = postSolution
		SolutionGuid = {A1D40FBF-6C46-4DAC-BA47-C4745F5AEE61}
	EndGlobalSection
EndGlobal
